
Microsoft Visual Studio Solution File, Format Version 12.00
# Visual Studio Version 16
VisualStudioVersion = 16.0.29306.81
MinimumVisualStudioVersion = 10.0.40219.1
Project("{FAE04EC0-301F-11D3-BF4B-00C04F79EFBC}") = "SalesWebMvc", "SalesWebMvc\SalesWebMvc.csproj", "{2B8382F7-185B-4949-8DBE-BADC5DD1629D}"
EndProject
Global
	GlobalSection(SolutionConfigurationPlatforms) = preSolution
		Debug|Any CPU = Debug|Any CPU
		Release|Any CPU = Release|Any CPU
	EndGlobalSection
	GlobalSection(ProjectConfigurationPlatforms) = postSolution
		{2B8382F7-185B-4949-8DBE-BADC5DD1629D}.Debug|Any CPU.ActiveCfg = Debug|Any CPU
		{2B8382F7-185B-4949-8DBE-BADC5DD1629D}.Debug|Any CPU.Build.0 = Debug|Any CPU
		{2B8382F7-185B-4949-8DBE-BADC5DD1629D}.Release|Any CPU.ActiveCfg = Release|Any CPU
		{2B8382F7-185B-4949-8DBE-BADC5DD1629D}.Release|Any CPU.Build.0 = Release|Any CPU
	EndGlobalSection
	GlobalSection(SolutionProperties) = preSolution
		HideSolutionNode = FALSE
	EndGlobalSection
	GlobalSection(ExtensibilityGlobals) = postSolution
		SolutionGuid = {2AB89A8A-71A3-4FC0-B077-DF214D4ED047}
	EndGlobalSection
EndGlobal
